// !$*UTF8*$!
{
	archiveVersion = 1;
	classes = {
	};
	objectVersion = 55;
	objects = {

/* Begin PBXBuildFile section */
		673E111E27AD4E04005F15DE /* commentCard_swiftApp.swift in Sources */ = {isa = PBXBuildFile; fileRef = 673E111D27AD4E04005F15DE /* commentCard_swiftApp.swift */; };
		673E112027AD4E04005F15DE /* ContentView.swift in Sources */ = {isa = PBXBuildFile; fileRef = 673E111F27AD4E04005F15DE /* ContentView.swift */; };
		673E112227AD4E06005F15DE /* Assets.xcassets in Resources */ = {isa = PBXBuildFile; fileRef = 673E112127AD4E06005F15DE /* Assets.xcassets */; };
		673E112527AD4E06005F15DE /* Preview Assets.xcassets in Resources */ = {isa = PBXBuildFile; fileRef = 673E112427AD4E06005F15DE /* Preview Assets.xcassets */; };
		673E112F27AD4E06005F15DE /* commentCard_swiftTests.swift in Sources */ = {isa = PBXBuildFile; fileRef = 673E112E27AD4E06005F15DE /* commentCard_swiftTests.swift */; };
		673E113927AD4E06005F15DE /* commentCard_swiftUITests.swift in Sources */ = {isa = PBXBuildFile; fileRef = 673E113827AD4E06005F15DE /* commentCard_swiftUITests.swift */; };
		673E113B27AD4E06005F15DE /* commentCard_swiftUITestsLaunchTests.swift in Sources */ = {isa = PBXBuildFile; fileRef = 673E113A27AD4E06005F15DE /* commentCard_swiftUITestsLaunchTests.swift */; };
/* End PBXBuildFile section */

/* Begin PBXContainerItemProxy section */
		673E112B27AD4E06005F15DE /* PBXContainerItemProxy */ = {
			isa = PBXContainerItemProxy;
			containerPortal = 673E111227AD4E04005F15DE /* Project object */;
			proxyType = 1;
			remoteGlobalIDString = 673E111927AD4E04005F15DE;
			remoteInfo = commentCard.swift;
		};
		673E113527AD4E06005F15DE /* PBXContainerItemProxy */ = {
			isa = PBXContainerItemProxy;
			containerPortal = 673E111227AD4E04005F15DE /* Project object */;
			proxyType = 1;
			remoteGlobalIDString = 673E111927AD4E04005F15DE;
			remoteInfo = commentCard.swift;
		};
/* End PBXContainerItemProxy section */

/* Begin PBXFileReference section */
		673E111A27AD4E04005F15DE /* commentCard.swift.app */ = {isa = PBXFileReference; explicitFileType = wrapper.application; includeInIndex = 0; path = commentCard.swift.app; sourceTree = BUILT_PRODUCTS_DIR; };
		673E111D27AD4E04005F15DE /* commentCard_swiftApp.swift */ = {isa = PBXFileReference; lastKnownFileType = sourcecode.swift; path = commentCard_swiftApp.swift; sourceTree = "<group>"; };
		673E111F27AD4E04005F15DE /* ContentView.swift */ = {isa = PBXFileReference; lastKnownFileType = sourcecode.swift; path = ContentView.swift; sourceTree = "<group>"; };
		673E112127AD4E06005F15DE /* Assets.xcassets */ = {isa = PBXFileReference; lastKnownFileType = folder.assetcatalog; path = Assets.xcassets; sourceTree = "<group>"; };
		673E112427AD4E06005F15DE /* Preview Assets.xcassets */ = {isa = PBXFileReference; lastKnownFileType = folder.assetcatalog; path = "Preview Assets.xcassets"; sourceTree = "<group>"; };
		673E112A27AD4E06005F15DE /* commentCard.swiftTests.xctest */ = {isa = PBXFileReference; explicitFileType = wrapper.cfbundle; includeInIndex = 0; path = commentCard.swiftTests.xctest; sourceTree = BUILT_PRODUCTS_DIR; };
		673E112E27AD4E06005F15DE /* commentCard_swiftTests.swift */ = {isa = PBXFileReference; lastKnownFileType = sourcecode.swift; path = commentCard_swiftTests.swift; sourceTree = "<group>"; };
		673E113427AD4E06005F15DE /* commentCard.swiftUITests.xctest */ = {isa = PBXFileReference; explicitFileType = wrapper.cfbundle; includeInIndex = 0; path = commentCard.swiftUITests.xctest; sourceTree = BUILT_PRODUCTS_DIR; };
		673E113827AD4E06005F15DE /* commentCard_swiftUITests.swift */ = {isa = PBXFileReference; lastKnownFileType = sourcecode.swift; path = commentCard_swiftUITests.swift; sourceTree = "<group>"; };
		673E113A27AD4E06005F15DE /* commentCard_swiftUITestsLaunchTests.swift */ = {isa = PBXFileReference; lastKnownFileType = sourcecode.swift; path = commentCard_swiftUITestsLaunchTests.swift; sourceTree = "<group>"; };
/* End PBXFileReference section */

/* Begin PBXFrameworksBuildPhase section */
		673E111727AD4E04005F15DE /* Frameworks */ = {
			isa = PBXFrameworksBuildPhase;
			buildActionMask = 2147483647;
			files = (
			);
			runOnlyForDeploymentPostprocessing = 0;
		};
		673E112727AD4E06005F15DE /* Frameworks */ = {
			isa = PBXFrameworksBuildPhase;
			buildActionMask = 2147483647;
			files = (
			);
			runOnlyForDeploymentPostprocessing = 0;
		};
		673E113127AD4E06005F15DE /* Frameworks */ = {
			isa = PBXFrameworksBuildPhase;
			buildActionMask = 2147483647;
			files = (
			);
			runOnlyForDeploymentPostprocessing = 0;
		};
/* End PBXFrameworksBuildPhase section */

/* Begin PBXGroup section */
		673E111127AD4E04005F15DE = {
			isa = PBXGroup;
			children = (
				673E111C27AD4E04005F15DE /* commentCard.swift */,
				673E112D27AD4E06005F15DE /* commentCard.swiftTests */,
				673E113727AD4E06005F15DE /* commentCard.swiftUITests */,
				673E111B27AD4E04005F15DE /* Products */,
			);
			sourceTree = "<group>";
		};
		673E111B27AD4E04005F15DE /* Products */ = {
			isa = PBXGroup;
			children = (
				673E111A27AD4E04005F15DE /* commentCard.swift.app */,
				673E112A27AD4E06005F15DE /* commentCard.swiftTests.xctest */,
				673E113427AD4E06005F15DE /* commentCard.swiftUITests.xctest */,
			);
			name = Products;
			sourceTree = "<group>";
		};
		673E111C27AD4E04005F15DE /* commentCard.swift */ = {
			isa = PBXGroup;
			children = (
				673E111D27AD4E04005F15DE /* commentCard_swiftApp.swift */,
				673E111F27AD4E04005F15DE /* ContentView.swift */,
				673E112127AD4E06005F15DE /* Assets.xcassets */,
				673E112327AD4E06005F15DE /* Preview Content */,
			);
			path = commentCard.swift;
			sourceTree = "<group>";
		};
		673E112327AD4E06005F15DE /* Preview Content */ = {
			isa = PBXGroup;
			children = (
				673E112427AD4E06005F15DE /* Preview Assets.xcassets */,
			);
			path = "Preview Content";
			sourceTree = "<group>";
		};
		673E112D27AD4E06005F15DE /* commentCard.swiftTests */ = {
			isa = PBXGroup;
			children = (
				673E112E27AD4E06005F15DE /* commentCard_swiftTests.swift */,
			);
			path = commentCard.swiftTests;
			sourceTree = "<group>";
		};
		673E113727AD4E06005F15DE /* commentCard.swiftUITests */ = {
			isa = PBXGroup;
			children = (
				673E113827AD4E06005F15DE /* commentCard_swiftUITests.swift */,
				673E113A27AD4E06005F15DE /* commentCard_swiftUITestsLaunchTests.swift */,
			);
			path = commentCard.swiftUITests;
			sourceTree = "<group>";
		};
/* End PBXGroup section */

/* Begin PBXNativeTarget section */
		673E111927AD4E04005F15DE /* commentCard.swift */ = {
			isa = PBXNativeTarget;
			buildConfigurationList = 673E113E27AD4E06005F15DE /* Build configuration list for PBXNativeTarget "commentCard.swift" */;
			buildPhases = (
				673E111627AD4E04005F15DE /* Sources */,
				673E111727AD4E04005F15DE /* Frameworks */,
				673E111827AD4E04005F15DE /* Resources */,
			);
			buildRules = (
			);
			dependencies = (
			);
			name = commentCard.swift;
			productName = commentCard.swift;
			productReference = 673E111A27AD4E04005F15DE /* commentCard.swift.app */;
			productType = "com.apple.product-type.application";
		};
		673E112927AD4E06005F15DE /* commentCard.swiftTests */ = {
			isa = PBXNativeTarget;
			buildConfigurationList = 673E114127AD4E06005F15DE /* Build configuration list for PBXNativeTarget "commentCard.swiftTests" */;
			buildPhases = (
				673E112627AD4E06005F15DE /* Sources */,
				673E112727AD4E06005F15DE /* Frameworks */,
				673E112827AD4E06005F15DE /* Resources */,
			);
			buildRules = (
			);
			dependencies = (
				673E112C27AD4E06005F15DE /* PBXTargetDependency */,
			);
			name = commentCard.swiftTests;
			productName = commentCard.swiftTests;
			productReference = 673E112A27AD4E06005F15DE /* commentCard.swiftTests.xctest */;
			productType = "com.apple.product-type.bundle.unit-test";
		};
		673E113327AD4E06005F15DE /* commentCard.swiftUITests */ = {
			isa = PBXNativeTarget;
			buildConfigurationList = 673E114427AD4E06005F15DE /* Build configuration list for PBXNativeTarget "commentCard.swiftUITests" */;
			buildPhases = (
				673E113027AD4E06005F15DE /* Sources */,
				673E113127AD4E06005F15DE /* Frameworks */,
				673E113227AD4E06005F15DE /* Resources */,
			);
			buildRules = (
			);
			dependencies = (
				673E113627AD4E06005F15DE /* PBXTargetDependency */,
			);
			name = commentCard.swiftUITests;
			productName = commentCard.swiftUITests;
			productReference = 673E113427AD4E06005F15DE /* commentCard.swiftUITests.xctest */;
			productType = "com.apple.product-type.bundle.ui-testing";
		};
/* End PBXNativeTarget section */

/* Begin PBXProject section */
		673E111227AD4E04005F15DE /* Project object */ = {
			isa = PBXProject;
			attributes = {
				BuildIndependentTargetsInParallel = 1;
				LastSwiftUpdateCheck = 1320;
				LastUpgradeCheck = 1320;
				TargetAttributes = {
					673E111927AD4E04005F15DE = {
						CreatedOnToolsVersion = 13.2.1;
					};
					673E112927AD4E06005F15DE = {
						CreatedOnToolsVersion = 13.2.1;
						TestTargetID = 673E111927AD4E04005F15DE;
					};
					673E113327AD4E06005F15DE = {
						CreatedOnToolsVersion = 13.2.1;
						TestTargetID = 673E111927AD4E04005F15DE;
					};
				};
			};
			buildConfigurationList = 673E111527AD4E04005F15DE /* Build configuration list for PBXProject "commentCard.swift" */;
			compatibilityVersion = "Xcode 13.0";
			developmentRegion = en;
			hasScannedForEncodings = 0;
			knownRegions = (
				en,
				Base,
			);
			mainGroup = 673E111127AD4E04005F15DE;
			productRefGroup = 673E111B27AD4E04005F15DE /* Products */;
			projectDirPath = "";
			projectRoot = "";
			targets = (
				673E111927AD4E04005F15DE /* commentCard.swift */,
				673E112927AD4E06005F15DE /* commentCard.swiftTests */,
				673E113327AD4E06005F15DE /* commentCard.swiftUITests */,
			);
		};
/* End PBXProject section */

/* Begin PBXResourcesBuildPhase section */
		673E111827AD4E04005F15DE /* Resources */ = {
			isa = PBXResourcesBuildPhase;
			buildActionMask = 2147483647;
			files = (
				673E112527AD4E06005F15DE /* Preview Assets.xcassets in Resources */,
				673E112227AD4E06005F15DE /* Assets.xcassets in Resources */,
			);
			runOnlyForDeploymentPostprocessing = 0;
		};
		673E112827AD4E06005F15DE /* Resources */ = {
			isa = PBXResourcesBuildPhase;
			buildActionMask = 2147483647;
			files = (
			);
			runOnlyForDeploymentPostprocessing = 0;
		};
		673E113227AD4E06005F15DE /* Resources */ = {
			isa = PBXResourcesBuildPhase;
			buildActionMask = 2147483647;
			files = (
			);
			runOnlyForDeploymentPostprocessing = 0;
		};
/* End PBXResourcesBuildPhase section */

/* Begin PBXSourcesBuildPhase section */
		673E111627AD4E04005F15DE /* Sources */ = {
			isa = PBXSourcesBuildPhase;
			buildActionMask = 2147483647;
			files = (
				673E112027AD4E04005F15DE /* ContentView.swift in Sources */,
				673E111E27AD4E04005F15DE /* commentCard_swiftApp.swift in Sources */,
			);
			runOnlyForDeploymentPostprocessing = 0;
		};
		673E112627AD4E06005F15DE /* Sources */ = {
			isa = PBXSourcesBuildPhase;
			buildActionMask = 2147483647;
			files = (
				673E112F27AD4E06005F15DE /* commentCard_swiftTests.swift in Sources */,
			);
			runOnlyForDeploymentPostprocessing = 0;
		};
		673E113027AD4E06005F15DE /* Sources */ = {
			isa = PBXSourcesBuildPhase;
			buildActionMask = 2147483647;
			files = (
				673E113B27AD4E06005F15DE /* commentCard_swiftUITestsLaunchTests.swift in Sources */,
				673E113927AD4E06005F15DE /* commentCard_swiftUITests.swift in Sources */,
			);
			runOnlyForDeploymentPostprocessing = 0;
		};
/* End PBXSourcesBuildPhase section */

/* Begin PBXTargetDependency section */
		673E112C27AD4E06005F15DE /* PBXTargetDependency */ = {
			isa = PBXTargetDependency;
			target = 673E111927AD4E04005F15DE /* commentCard.swift */;
			targetProxy = 673E112B27AD4E06005F15DE /* PBXContainerItemProxy */;
		};
		673E113627AD4E06005F15DE /* PBXTargetDependency */ = {
			isa = PBXTargetDependency;
			target = 673E111927AD4E04005F15DE /* commentCard.swift */;
			targetProxy = 673E113527AD4E06005F15DE /* PBXContainerItemProxy */;
		};
/* End PBXTargetDependency section */

/* Begin XCBuildConfiguration section */
		673E113C27AD4E06005F15DE /* Debug */ = {
			isa = XCBuildConfiguration;
			buildSettings = {
				ALWAYS_SEARCH_USER_PATHS = NO;
				CLANG_ANALYZER_NONNULL = YES;
				CLANG_ANALYZER_NUMBER_OBJECT_CONVERSION = YES_AGGRESSIVE;
				CLANG_CXX_LANGUAGE_STANDARD = "gnu++17";
				CLANG_CXX_LIBRARY = "libc++";
				CLANG_ENABLE_MODULES = YES;
				CLANG_ENABLE_OBJC_ARC = YES;
				CLANG_ENABLE_OBJC_WEAK = YES;
				CLANG_WARN_BLOCK_CAPTURE_AUTORELEASING = YES;
				CLANG_WARN_BOOL_CONVERSION = YES;
				CLANG_WARN_COMMA = YES;
				CLANG_WARN_CONSTANT_CONVERSION = YES;
				CLANG_WARN_DEPRECATED_OBJC_IMPLEMENTATIONS = YES;
				CLANG_WARN_DIRECT_OBJC_ISA_USAGE = YES_ERROR;
				CLANG_WARN_DOCUMENTATION_COMMENTS = YES;
				CLANG_WARN_EMPTY_BODY = YES;
				CLANG_WARN_ENUM_CONVERSION = YES;
				CLANG_WARN_INFINITE_RECURSION = YES;
				CLANG_WARN_INT_CONVERSION = YES;
				CLANG_WARN_NON_LITERAL_NULL_CONVERSION = YES;
				CLANG_WARN_OBJC_IMPLICIT_RETAIN_SELF = YES;
				CLANG_WARN_OBJC_LITERAL_CONVERSION = YES;
				CLANG_WARN_OBJC_ROOT_CLASS = YES_ERROR;
				CLANG_WARN_QUOTED_INCLUDE_IN_FRAMEWORK_HEADER = YES;
				CLANG_WARN_RANGE_LOOP_ANALYSIS = YES;
				CLANG_WARN_STRICT_PROTOTYPES = YES;
				CLANG_WARN_SUSPICIOUS_MOVE = YES;
				CLANG_WARN_UNGUARDED_AVAILABILITY = YES_AGGRESSIVE;
				CLANG_WARN_UNREACHABLE_CODE = YES;
				CLANG_WARN__DUPLICATE_METHOD_MATCH = YES;
				COPY_PHASE_STRIP = NO;
				DEBUG_INFORMATION_FORMAT = dwarf;
				ENABLE_STRICT_OBJC_MSGSEND = YES;
				ENABLE_TESTABILITY = YES;
				GCC_C_LANGUAGE_STANDARD = gnu11;
				GCC_DYNAMIC_NO_PIC = NO;
				GCC_NO_COMMON_BLOCKS = YES;
				GCC_OPTIMIZATION_LEVEL = 0;
				GCC_PREPROCESSOR_DEFINITIONS = (
					"DEBUG=1",
					"$(inherited)",
				);
				GCC_WARN_64_TO_32_BIT_CONVERSION = YES;
				GCC_WARN_ABOUT_RETURN_TYPE = YES_ERROR;
				GCC_WARN_UNDECLARED_SELECTOR = YES;
				GCC_WARN_UNINITIALIZED_AUTOS = YES_AGGRESSIVE;
				GCC_WARN_UNUSED_FUNCTION = YES;
				GCC_WARN_UNUSED_VARIABLE = YES;
				IPHONEOS_DEPLOYMENT_TARGET = 15.2;
				MTL_ENABLE_DEBUG_INFO = INCLUDE_SOURCE;
				MTL_FAST_MATH = YES;
				ONLY_ACTIVE_ARCH = YES;
				SDKROOT = iphoneos;
				SWIFT_ACTIVE_COMPILATION_CONDITIONS = DEBUG;
				SWIFT_OPTIMIZATION_LEVEL = "-Onone";
			};
			name = Debug;
		};
		673E113D27AD4E06005F15DE /* Release */ = {
			isa = XCBuildConfiguration;
			buildSettings = {
				ALWAYS_SEARCH_USER_PATHS = NO;
				CLANG_ANALYZER_NONNULL = YES;
				CLANG_ANALYZER_NUMBER_OBJECT_CONVERSION = YES_AGGRESSIVE;
				CLANG_CXX_LANGUAGE_STANDARD = "gnu++17";
				CLANG_CXX_LIBRARY = "libc++";
				CLANG_ENABLE_MODULES = YES;
				CLANG_ENABLE_OBJC_ARC = YES;
				CLANG_ENABLE_OBJC_WEAK = YES;
				CLANG_WARN_BLOCK_CAPTURE_AUTORELEASING = YES;
				CLANG_WARN_BOOL_CONVERSION = YES;
				CLANG_WARN_COMMA = YES;
				CLANG_WARN_CONSTANT_CONVERSION = YES;
				CLANG_WARN_DEPRECATED_OBJC_IMPLEMENTATIONS = YES;
				CLANG_WARN_DIRECT_OBJC_ISA_USAGE = YES_ERROR;
				CLANG_WARN_DOCUMENTATION_COMMENTS = YES;
				CLANG_WARN_EMPTY_BODY = YES;
				CLANG_WARN_ENUM_CONVERSION = YES;
				CLANG_WARN_INFINITE_RECURSION = YES;
				CLANG_WARN_INT_CONVERSION = YES;
				CLANG_WARN_NON_LITERAL_NULL_CONVERSION = YES;
				CLANG_WARN_OBJC_IMPLICIT_RETAIN_SELF = YES;
				CLANG_WARN_OBJC_LITERAL_CONVERSION = YES;
				CLANG_WARN_OBJC_ROOT_CLASS = YES_ERROR;
				CLANG_WARN_QUOTED_INCLUDE_IN_FRAMEWORK_HEADER = YES;
				CLANG_WARN_RANGE_LOOP_ANALYSIS = YES;
				CLANG_WARN_STRICT_PROTOTYPES = YES;
				CLANG_WARN_SUSPICIOUS_MOVE = YES;
				CLANG_WARN_UNGUARDED_AVAILABILITY = YES_AGGRESSIVE;
				CLANG_WARN_UNREACHABLE_CODE = YES;
				CLANG_WARN__DUPLICATE_METHOD_MATCH = YES;
				COPY_PHASE_STRIP = NO;
				DEBUG_INFORMATION_FORMAT = "dwarf-with-dsym";
				ENABLE_NS_ASSERTIONS = NO;
				ENABLE_STRICT_OBJC_MSGSEND = YES;
				GCC_C_LANGUAGE_STANDARD = gnu11;
				GCC_NO_COMMON_BLOCKS = YES;
				GCC_WARN_64_TO_32_BIT_CONVERSION = YES;
				GCC_WARN_ABOUT_RETURN_TYPE = YES_ERROR;
				GCC_WARN_UNDECLARED_SELECTOR = YES;
				GCC_WARN_UNINITIALIZED_AUTOS = YES_AGGRESSIVE;
				GCC_WARN_UNUSED_FUNCTION = YES;
				GCC_WARN_UNUSED_VARIABLE = YES;
				IPHONEOS_DEPLOYMENT_TARGET = 15.2;
				MTL_ENABLE_DEBUG_INFO = NO;
				MTL_FAST_MATH = YES;
				SDKROOT = iphoneos;
				SWIFT_COMPILATION_MODE = wholemodule;
				SWIFT_OPTIMIZATION_LEVEL = "-O";
				VALIDATE_PRODUCT = YES;
			};
			name = Release;
		};
		673E113F27AD4E06005F15DE /* Debug */ = {
			isa = XCBuildConfiguration;
			buildSettings = {
				ASSETCATALOG_COMPILER_APPICON_NAME = AppIcon;
				ASSETCATALOG_COMPILER_GLOBAL_ACCENT_COLOR_NAME = AccentColor;
				CODE_SIGN_STYLE = Automatic;
				CURRENT_PROJECT_VERSION = 1;
				DEVELOPMENT_ASSET_PATHS = "\"commentCard.swift/Preview Content\"";
				ENABLE_PREVIEWS = YES;
				GENERATE_INFOPLIST_FILE = YES;
				INFOPLIST_KEY_UIApplicationSceneManifest_Generation = YES;
				INFOPLIST_KEY_UIApplicationSupportsIndirectInputEvents = YES;
				INFOPLIST_KEY_UILaunchScreen_Generation = YES;
				INFOPLIST_KEY_UISupportedInterfaceOrientations_iPad = "UIInterfaceOrientationPortrait UIInterfaceOrientationPortraitUpsideDown UIInterfaceOrientationLandscapeLeft UIInterfaceOrientationLandscapeRight";
				INFOPLIST_KEY_UISupportedInterfaceOrientations_iPhone = "UIInterfaceOrientationPortrait UIInterfaceOrientationLandscapeLeft UIInterfaceOrientationLandscapeRight";
				LD_RUNPATH_SEARCH_PATHS = (
					"$(inherited)",
					"@executable_path/Frameworks",
				);
				MARKETING_VERSION = 1.0;
				PRODUCT_BUNDLE_IDENTIFIER = "aman.commentCard-swift";
				PRODUCT_NAME = "$(TARGET_NAME)";
				SWIFT_EMIT_LOC_STRINGS = YES;
				SWIFT_VERSION = 5.0;
				TARGETED_DEVICE_FAMILY = "1,2";
			};
			name = Debug;
		};
		673E114027AD4E06005F15DE /* Release */ = {
			isa = XCBuildConfiguration;
			buildSettings = {
				ASSETCATALOG_COMPILER_APPICON_NAME = AppIcon;
				ASSETCATALOG_COMPILER_GLOBAL_ACCENT_COLOR_NAME = AccentColor;
				CODE_SIGN_STYLE = Automatic;
				CURRENT_PROJECT_VERSION = 1;
				DEVELOPMENT_ASSET_PATHS = "\"commentCard.swift/Preview Content\"";
				ENABLE_PREVIEWS = YES;
				GENERATE_INFOPLIST_FILE = YES;
				INFOPLIST_KEY_UIApplicationSceneManifest_Generation = YES;
				INFOPLIST_KEY_UIApplicationSupportsIndirectInputEvents = YES;
				INFOPLIST_KEY_UILaunchScreen_Generation = YES;
				INFOPLIST_KEY_UISupportedInterfaceOrientations_iPad = "UIInterfaceOrientationPortrait UIInterfaceOrientationPortraitUpsideDown UIInterfaceOrientationLandscapeLeft UIInterfaceOrientationLandscapeRight";
				INFOPLIST_KEY_UISupportedInterfaceOrientations_iPhone = "UIInterfaceOrientationPortrait UIInterfaceOrientationLandscapeLeft UIInterfaceOrientationLandscapeRight";
				LD_RUNPATH_SEARCH_PATHS = (
					"$(inherited)",
					"@executable_path/Frameworks",
				);
				MARKETING_VERSION = 1.0;
				PRODUCT_BUNDLE_IDENTIFIER = "aman.commentCard-swift";
				PRODUCT_NAME = "$(TARGET_NAME)";
				SWIFT_EMIT_LOC_STRINGS = YES;
				SWIFT_VERSION = 5.0;
				TARGETED_DEVICE_FAMILY = "1,2";
			};
			name = Release;
		};
		673E114227AD4E06005F15DE /* Debug */ = {
			isa = XCBuildConfiguration;
			buildSettings = {
				ALWAYS_EMBED_SWIFT_STANDARD_LIBRARIES = YES;
				BUNDLE_LOADER = "$(TEST_HOST)";
				CODE_SIGN_STYLE = Automatic;
				CURRENT_PROJECT_VERSION = 1;
				GENERATE_INFOPLIST_FILE = YES;
				IPHONEOS_DEPLOYMENT_TARGET = 15.2;
				MARKETING_VERSION = 1.0;
				PRODUCT_BUNDLE_IDENTIFIER = "aman.commentCard-swiftTests";
				PRODUCT_NAME = "$(TARGET_NAME)";
				SWIFT_EMIT_LOC_STRINGS = NO;
				SWIFT_VERSION = 5.0;
				TARGETED_DEVICE_FAMILY = "1,2";
				TEST_HOST = "$(BUILT_PRODUCTS_DIR)/commentCard.swift.app/commentCard.swift";
			};
			name = Debug;
		};
		673E114327AD4E06005F15DE /* Release */ = {
			isa = XCBuildConfiguration;
			buildSettings = {
				ALWAYS_EMBED_SWIFT_STANDARD_LIBRARIES = YES;
				BUNDLE_LOADER = "$(TEST_HOST)";
				CODE_SIGN_STYLE = Automatic;
				CURRENT_PROJECT_VERSION = 1;
				GENERATE_INFOPLIST_FILE = YES;
				IPHONEOS_DEPLOYMENT_TARGET = 15.2;
				MARKETING_VERSION = 1.0;
				PRODUCT_BUNDLE_IDENTIFIER = "aman.commentCard-swiftTests";
				PRODUCT_NAME = "$(TARGET_NAME)";
				SWIFT_EMIT_LOC_STRINGS = NO;
				SWIFT_VERSION = 5.0;
				TARGETED_DEVICE_FAMILY = "1,2";
				TEST_HOST = "$(BUILT_PRODUCTS_DIR)/commentCard.swift.app/commentCard.swift";
			};
			name = Release;
		};
		673E114527AD4E06005F15DE /* Debug */ = {
			isa = XCBuildConfiguration;
			buildSettings = {
				ALWAYS_EMBED_SWIFT_STANDARD_LIBRARIES = YES;
				CODE_SIGN_STYLE = Automatic;
				CURRENT_PROJECT_VERSION = 1;
				GENERATE_INFOPLIST_FILE = YES;
				MARKETING_VERSION = 1.0;
				PRODUCT_BUNDLE_IDENTIFIER = "aman.commentCard-swiftUITests";
				PRODUCT_NAME = "$(TARGET_NAME)";
				SWIFT_EMIT_LOC_STRINGS = NO;
				SWIFT_VERSION = 5.0;
				TARGETED_DEVICE_FAMILY = "1,2";
				TEST_TARGET_NAME = commentCard.swift;
			};
			name = Debug;
		};
		673E114627AD4E06005F15DE /* Release */ = {
			isa = XCBuildConfiguration;
			buildSettings = {
				ALWAYS_EMBED_SWIFT_STANDARD_LIBRARIES = YES;
				CODE_SIGN_STYLE = Automatic;
				CURRENT_PROJECT_VERSION = 1;
				GENERATE_INFOPLIST_FILE = YES;
				MARKETING_VERSION = 1.0;
				PRODUCT_BUNDLE_IDENTIFIER = "aman.commentCard-swiftUITests";
				PRODUCT_NAME = "$(TARGET_NAME)";
				SWIFT_EMIT_LOC_STRINGS = NO;
				SWIFT_VERSION = 5.0;
				TARGETED_DEVICE_FAMILY = "1,2";
				TEST_TARGET_NAME = commentCard.swift;
			};
			name = Release;
		};
/* End XCBuildConfiguration section */

/* Begin XCConfigurationList section */
		673E111527AD4E04005F15DE /* Build configuration list for PBXProject "commentCard.swift" */ = {
			isa = XCConfigurationList;
			buildConfigurations = (
				673E113C27AD4E06005F15DE /* Debug */,
				673E113D27AD4E06005F15DE /* Release */,
			);
			defaultConfigurationIsVisible = 0;
			defaultConfigurationName = Release;
		};
		673E113E27AD4E06005F15DE /* Build configuration list for PBXNativeTarget "commentCard.swift" */ = {
			isa = XCConfigurationList;
			buildConfigurations = (
				673E113F27AD4E06005F15DE /* Debug */,
				673E114027AD4E06005F15DE /* Release */,
			);
			defaultConfigurationIsVisible = 0;
			defaultConfigurationName = Release;
		};
		673E114127AD4E06005F15DE /* Build configuration list for PBXNativeTarget "commentCard.swiftTests" */ = {
			isa = XCConfigurationList;
			buildConfigurations = (
				673E114227AD4E06005F15DE /* Debug */,
				673E114327AD4E06005F15DE /* Release */,
			);
			defaultConfigurationIsVisible = 0;
			defaultConfigurationName = Release;
		};
		673E114427AD4E06005F15DE /* Build configuration list for PBXNativeTarget "commentCard.swiftUITests" */ = {
			isa = XCConfigurationList;
			buildConfigurations = (
				673E114527AD4E06005F15DE /* Debug */,
				673E114627AD4E06005F15DE /* Release */,
			);
			defaultConfigurationIsVisible = 0;
			defaultConfigurationName = Release;
		};
/* End XCConfigurationList section */
	};
	rootObject = 673E111227AD4E04005F15DE /* Project object */;
}
